
Microsoft Visual Studio Solution File, Format Version 12.00
# Visual Studio 2013
VisualStudioVersion = 12.0.31101.0
MinimumVisualStudioVersion = 10.0.40219.1
Project("{F184B08F-C81C-45F6-A57F-5ABD9991F28F}") = "View", "QHosting\View.vbproj", "{6C129A44-5EB6-430C-B962-C427FE0DAD14}"
EndProject
Project("{F184B08F-C81C-45F6-A57F-5ABD9991F28F}") = "Controller", "Controller\Controller.vbproj", "{23161D88-E7EC-4F4F-890E-290A094D09E9}"
EndProject
Project("{F184B08F-C81C-45F6-A57F-5ABD9991F28F}") = "Model", "Model\Model.vbproj", "{26B4B1DA-5502-43AD-8124-326CD7E3CC98}"
EndProject
Project("{F184B08F-C81C-45F6-A57F-5ABD9991F28F}") = "Conexion", "Conexion\Conexion.vbproj", "{64985E58-4834-4E3B-B5CD-BC535DBB4F70}"
EndProject
Project("{F184B08F-C81C-45F6-A57F-5ABD9991F28F}") = "Helper", "iModel\Helper.vbproj", "{3A9571A3-5495-4A1F-A01B-9A4462F9C464}"
EndProject
Project("{F184B08F-C81C-45F6-A57F-5ABD9991F28F}") = "Reporting", "CrystalReportsApplication1\Reporting.vbproj", "{D84775B6-5FE7-47D7-877C-B623DB1414C0}"
EndProject
Global
	GlobalSection(TeamFoundationVersionControl) = preSolution
		SccNumberOfProjects = 7
		SccEnterpriseProvider = {4CA58AB2-18FA-4F8D-95D4-32DDF27D184C}
		SccTeamFoundationServer = https://guidoquadrini.visualstudio.com/defaultcollection
		SccLocalPath0 = .
		SccProjectUniqueName1 = Controller\\Controller.vbproj
		SccProjectName1 = Controller
		SccLocalPath1 = Controller
		SccProjectUniqueName2 = Model\\Model.vbproj
		SccProjectName2 = Model
		SccLocalPath2 = Model
		SccProjectUniqueName3 = QHosting\\View.vbproj
		SccProjectName3 = QHosting
		SccLocalPath3 = QHosting
		SccProjectUniqueName4 = Conexion\\Conexion.vbproj
		SccProjectName4 = Conexion
		SccLocalPath4 = Conexion
		SccProjectUniqueName5 = iModel\\Helper.vbproj
		SccProjectName5 = iModel
		SccLocalPath5 = iModel
		SccProjectUniqueName6 = CrystalReportsApplication1\\Reporting.vbproj
		SccProjectName6 = CrystalReportsApplication1
		SccLocalPath6 = CrystalReportsApplication1
	EndGlobalSection
	GlobalSection(SolutionConfigurationPlatforms) = preSolution
		Debug|Any CPU = Debug|Any CPU
		Release|Any CPU = Release|Any CPU
	EndGlobalSection
	GlobalSection(ProjectConfigurationPlatforms) = postSolution
		{6C129A44-5EB6-430C-B962-C427FE0DAD14}.Debug|Any CPU.ActiveCfg = Debug|Any CPU
		{6C129A44-5EB6-430C-B962-C427FE0DAD14}.Debug|Any CPU.Build.0 = Debug|Any CPU
		{6C129A44-5EB6-430C-B962-C427FE0DAD14}.Release|Any CPU.ActiveCfg = Release|Any CPU
		{6C129A44-5EB6-430C-B962-C427FE0DAD14}.Release|Any CPU.Build.0 = Release|Any CPU
		{23161D88-E7EC-4F4F-890E-290A094D09E9}.Debug|Any CPU.ActiveCfg = Debug|Any CPU
		{23161D88-E7EC-4F4F-890E-290A094D09E9}.Debug|Any CPU.Build.0 = Debug|Any CPU
		{23161D88-E7EC-4F4F-890E-290A094D09E9}.Release|Any CPU.ActiveCfg = Release|Any CPU
		{23161D88-E7EC-4F4F-890E-290A094D09E9}.Release|Any CPU.Build.0 = Release|Any CPU
		{26B4B1DA-5502-43AD-8124-326CD7E3CC98}.Debug|Any CPU.ActiveCfg = Debug|Any CPU
		{26B4B1DA-5502-43AD-8124-326CD7E3CC98}.Debug|Any CPU.Build.0 = Debug|Any CPU
		{26B4B1DA-5502-43AD-8124-326CD7E3CC98}.Release|Any CPU.ActiveCfg = Release|Any CPU
		{26B4B1DA-5502-43AD-8124-326CD7E3CC98}.Release|Any CPU.Build.0 = Release|Any CPU
		{64985E58-4834-4E3B-B5CD-BC535DBB4F70}.Debug|Any CPU.ActiveCfg = Debug|Any CPU
		{64985E58-4834-4E3B-B5CD-BC535DBB4F70}.Debug|Any CPU.Build.0 = Debug|Any CPU
		{64985E58-4834-4E3B-B5CD-BC535DBB4F70}.Release|Any CPU.ActiveCfg = Release|Any CPU
		{64985E58-4834-4E3B-B5CD-BC535DBB4F70}.Release|Any CPU.Build.0 = Release|Any CPU
		{3A9571A3-5495-4A1F-A01B-9A4462F9C464}.Debug|Any CPU.ActiveCfg = Debug|Any CPU
		{3A9571A3-5495-4A1F-A01B-9A4462F9C464}.Debug|Any CPU.Build.0 = Debug|Any CPU
		{3A9571A3-5495-4A1F-A01B-9A4462F9C464}.Release|Any CPU.ActiveCfg = Release|Any CPU
		{3A9571A3-5495-4A1F-A01B-9A4462F9C464}.Release|Any CPU.Build.0 = Release|Any CPU
		{D84775B6-5FE7-47D7-877C-B623DB1414C0}.Debug|Any CPU.ActiveCfg = Debug|Any CPU
		{D84775B6-5FE7-47D7-877C-B623DB1414C0}.Debug|Any CPU.Build.0 = Debug|Any CPU
		{D84775B6-5FE7-47D7-877C-B623DB1414C0}.Release|Any CPU.ActiveCfg = Release|Any CPU
		{D84775B6-5FE7-47D7-877C-B623DB1414C0}.Release|Any CPU.Build.0 = Release|Any CPU
	EndGlobalSection
	GlobalSection(SolutionProperties) = preSolution
		HideSolutionNode = FALSE
	EndGlobalSection
EndGlobal
